<?xml version="1.0" encoding="utf-8"?>
<Project ToolsVersion="4.0" xmlns="http://schemas.microsoft.com/developer/msbuild/2003">
  <ItemGroup>
    <ClCompile Include="Main.cpp">
      <Filter>Source</Filter>
    </ClCompile>
    <ClCompile Include="Actor.cpp">
      <Filter>Source</Filter>
    </ClCompile>
    <ClCompile Include="Component.cpp">
      <Filter>Source</Filter>
    </ClCompile>
    <ClCompile Include="Game.cpp">
      <Filter>Source</Filter>
    </ClCompile>
    <ClCompile Include="SpriteComponent.cpp">
      <Filter>Source</Filter>
    </ClCompile>
  </ItemGroup>
  <ItemGroup>
    <ClInclude Include="Actor.h">
      <Filter>Headers</Filter>
    </ClInclude>
    <ClInclude Include="Vector2.h">
      <Filter>Headers</Filter>
    </ClInclude>
    <ClInclude Include="Constants.h">
      <Filter>Headers</Filter>
    </ClInclude>
    <ClInclude Include="Component.h">
      <Filter>Headers</Filter>
    </ClInclude>
    <ClInclude Include="Game.h">
      <Filter>Headers</Filter>
    </ClInclude>
    <ClInclude Include="SpriteComponent.h">
      <Filter>Headers</Filter>
    </ClInclude>
    <ClInclude Include="Math.h">
      <Filter>Headers</Filter>
    </ClInclude>
  </ItemGroup>
  <ItemGroup>
    <Filter Include="Headers">
      <UniqueIdentifier>{12f74e6d-259c-4537-bf72-cc4af326273b}</UniqueIdentifier>
    </Filter>
    <Filter Include="Source">
      <UniqueIdentifier>{c629acb5-a9c2-4982-b98e-5b3517105e0d}</UniqueIdentifier>
    </Filter>
  </ItemGroup>
</Project>