<?xml version="1.0" encoding="utf-8"?>
<Project ToolsVersion="4.0" xmlns="http://schemas.microsoft.com/developer/msbuild/2003">
  <ItemGroup>
    <ClCompile Include="Actor.cpp">
      <Filter>Actor</Filter>
    </ClCompile>
    <ClCompile Include="Component.cpp">
      <Filter>Component</Filter>
    </ClCompile>
    <ClCompile Include="Game.cpp">
      <Filter>Game</Filter>
    </ClCompile>
    <ClCompile Include="Main.cpp" />
    <ClCompile Include="SpriteComponent.cpp">
      <Filter>Component\Sprite</Filter>
    </ClCompile>
    <ClCompile Include="BackgroundSpriteComponent.cpp">
      <Filter>Component\Sprite</Filter>
    </ClCompile>
    <ClCompile Include="AnimationSpriteComponent.cpp">
      <Filter>Component\Animation</Filter>
    </ClCompile>
    <ClCompile Include="InputComponent.cpp">
      <Filter>Component\Input</Filter>
    </ClCompile>
    <ClCompile Include="MoveComponent.cpp">
      <Filter>Component\Move</Filter>
    </ClCompile>
    <ClCompile Include="CollisionComponent.cpp">
      <Filter>Component\Collision</Filter>
    </ClCompile>
    <ClCompile Include="CircleComponent.cpp">
      <Filter>Component\Collision</Filter>
    </ClCompile>
  </ItemGroup>
  <ItemGroup>
    <ClInclude Include="Actor.h">
      <Filter>Actor</Filter>
    </ClInclude>
    <ClInclude Include="Component.h">
      <Filter>Component</Filter>
    </ClInclude>
    <ClInclude Include="Game.h">
      <Filter>Game</Filter>
    </ClInclude>
    <ClInclude Include="Math.h">
      <Filter>Math/Random</Filter>
    </ClInclude>
    <ClInclude Include="Constants.h">
      <Filter>Constants</Filter>
    </ClInclude>
    <ClInclude Include="Random.h">
      <Filter>Math/Random</Filter>
    </ClInclude>
    <ClInclude Include="SpriteComponent.h">
      <Filter>Component\Sprite</Filter>
    </ClInclude>
    <ClInclude Include="BackgroundSpriteComponent.h">
      <Filter>Component\Sprite</Filter>
    </ClInclude>
    <ClInclude Include="AnimationSpriteComponent.h">
      <Filter>Component\Animation</Filter>
    </ClInclude>
    <ClInclude Include="InputComponent.h">
      <Filter>Component\Input</Filter>
    </ClInclude>
    <ClInclude Include="MoveComponent.h">
      <Filter>Component\Move</Filter>
    </ClInclude>
    <ClInclude Include="CollisionComponent.h">
      <Filter>Component\Collision</Filter>
    </ClInclude>
    <ClInclude Include="CircleComponent.h">
      <Filter>Component\Collision</Filter>
    </ClInclude>
  </ItemGroup>
  <ItemGroup>
    <Filter Include="Actor">
      <UniqueIdentifier>{b49e0cbf-4a80-4aaa-be16-3aec30a8ea26}</UniqueIdentifier>
    </Filter>
    <Filter Include="Component">
      <UniqueIdentifier>{3c303ace-3556-4c66-9504-2bd94e7339e4}</UniqueIdentifier>
    </Filter>
    <Filter Include="Game">
      <UniqueIdentifier>{c921a267-ebb8-41bd-92b8-2be7b184eaf8}</UniqueIdentifier>
    </Filter>
    <Filter Include="Constants">
      <UniqueIdentifier>{cfd97a8d-2d56-4d93-ae5d-31a2dc9c3ff8}</UniqueIdentifier>
    </Filter>
    <Filter Include="Math/Random">
      <UniqueIdentifier>{b8670e9c-b1bf-4d4b-8b77-3f2a87e0802b}</UniqueIdentifier>
    </Filter>
    <Filter Include="Component\Sprite">
      <UniqueIdentifier>{575f5ba0-7506-4930-8e97-6f46069b3637}</UniqueIdentifier>
    </Filter>
    <Filter Include="Component\Animation">
      <UniqueIdentifier>{3db7e100-9b13-4828-9cd5-e5c9a2fe0e9d}</UniqueIdentifier>
    </Filter>
    <Filter Include="Component\Input">
      <UniqueIdentifier>{79ba34e9-8028-4034-9963-791c7ede8e99}</UniqueIdentifier>
    </Filter>
    <Filter Include="Component\Move">
      <UniqueIdentifier>{d190fcb4-b71b-4be2-afbb-f538b8d62503}</UniqueIdentifier>
    </Filter>
    <Filter Include="Component\Collision">
      <UniqueIdentifier>{4623320d-2d88-40c6-95cd-faf869aaa528}</UniqueIdentifier>
    </Filter>
  </ItemGroup>
</Project>